
Microsoft Visual Studio Solution File, Format Version 12.00
# Visual Studio Version 17
VisualStudioVersion = 17.11.35303.130
MinimumVisualStudioVersion = 10.0.40219.1
Project("{9A19103F-16F7-4668-BE54-9A1E7A4F7556}") = "ZE_CFSI_Lib", "ZE_CFSI_Lib\ZE_CFSI_Lib.csproj", "{75305E43-0D1D-4411-950B-64C8908C4DDF}"
EndProject
Project("{9A19103F-16F7-4668-BE54-9A1E7A4F7556}") = "ZE_CFSI_Extract", "ZE_CFSI_Extract\ZE_CFSI_Extract.csproj", "{77C2C5A1-828B-45AF-B88D-D3DC702349DA}"
EndProject
Global
	GlobalSection(SolutionConfigurationPlatforms) = preSolution
		Debug|Any CPU = Debug|Any CPU
		Release|Any CPU = Release|Any CPU
	EndGlobalSection
	GlobalSection(ProjectConfigurationPlatforms) = postSolution
		{75305E43-0D1D-4411-950B-64C8908C4DDF}.Debug|Any CPU.ActiveCfg = Debug|Any CPU
		{75305E43-0D1D-4411-950B-64C8908C4DDF}.Debug|Any CPU.Build.0 = Debug|Any CPU
		{75305E43-0D1D-4411-950B-64C8908C4DDF}.Release|Any CPU.ActiveCfg = Release|Any CPU
		{75305E43-0D1D-4411-950B-64C8908C4DDF}.Release|Any CPU.Build.0 = Release|Any CPU
		{77C2C5A1-828B-45AF-B88D-D3DC702349DA}.Debug|Any CPU.ActiveCfg = Debug|Any CPU
		{77C2C5A1-828B-45AF-B88D-D3DC702349DA}.Debug|Any CPU.Build.0 = Debug|Any CPU
		{77C2C5A1-828B-45AF-B88D-D3DC702349DA}.Release|Any CPU.ActiveCfg = Release|Any CPU
		{77C2C5A1-828B-45AF-B88D-D3DC702349DA}.Release|Any CPU.Build.0 = Release|Any CPU
	EndGlobalSection
	GlobalSection(SolutionProperties) = preSolution
		HideSolutionNode = FALSE
	EndGlobalSection
	GlobalSection(ExtensibilityGlobals) = postSolution
		SolutionGuid = {6E5B97D5-5F94-4A4B-B7CF-CDD70B5D3BFC}
	EndGlobalSection
EndGlobal
